
Microsoft Visual Studio Solution File, Format Version 12.00
# Visual Studio Version 16
VisualStudioVersion = 16.0.30011.22
MinimumVisualStudioVersion = 10.0.40219.1
Project("{FAE04EC0-301F-11D3-BF4B-00C04F79EFBC}") = "HelloAguekeng.DAL", "HelloAguekeng.DAL\HelloAguekeng.DAL.csproj", "{5228CBE8-BDE7-410F-8D1A-1F661F1B0D46}"
EndProject
Project("{FAE04EC0-301F-11D3-BF4B-00C04F79EFBC}") = "HelloAguekeng.BO", "HelloAguekeng.BO\HelloAguekeng.BO.csproj", "{D0ABAC23-4E2D-4810-8CA0-056AB69CAB29}"
EndProject
Project("{FAE04EC0-301F-11D3-BF4B-00C04F79EFBC}") = "HelloAguekeng.BLL", "HelloAguekeng.BLL\HelloAguekeng.BLL.csproj", "{F1FBB78C-42F1-46B7-8E8F-92C43164F6E1}"
EndProject
Project("{FAE04EC0-301F-11D3-BF4B-00C04F79EFBC}") = "HelloAguekeng.WinForm", "HelloAguekeng.WinForm\HelloAguekeng.WinForm.csproj", "{32D39BF1-4715-49F8-84F0-A0E66AF06DEC}"
EndProject
Project("{FAE04EC0-301F-11D3-BF4B-00C04F79EFBC}") = "HelloAguekeng.WebApp", "HelloAguekeng.WebApp\HelloAguekeng.WebApp.csproj", "{6A31B11A-FD67-46AD-9F3A-35E3CA3CB773}"
EndProject
Global
	GlobalSection(SolutionConfigurationPlatforms) = preSolution
		Debug|Any CPU = Debug|Any CPU
		Release|Any CPU = Release|Any CPU
	EndGlobalSection
	GlobalSection(ProjectConfigurationPlatforms) = postSolution
		{5228CBE8-BDE7-410F-8D1A-1F661F1B0D46}.Debug|Any CPU.ActiveCfg = Debug|Any CPU
		{5228CBE8-BDE7-410F-8D1A-1F661F1B0D46}.Debug|Any CPU.Build.0 = Debug|Any CPU
		{5228CBE8-BDE7-410F-8D1A-1F661F1B0D46}.Release|Any CPU.ActiveCfg = Release|Any CPU
		{5228CBE8-BDE7-410F-8D1A-1F661F1B0D46}.Release|Any CPU.Build.0 = Release|Any CPU
		{D0ABAC23-4E2D-4810-8CA0-056AB69CAB29}.Debug|Any CPU.ActiveCfg = Debug|Any CPU
		{D0ABAC23-4E2D-4810-8CA0-056AB69CAB29}.Debug|Any CPU.Build.0 = Debug|Any CPU
		{D0ABAC23-4E2D-4810-8CA0-056AB69CAB29}.Release|Any CPU.ActiveCfg = Release|Any CPU
		{D0ABAC23-4E2D-4810-8CA0-056AB69CAB29}.Release|Any CPU.Build.0 = Release|Any CPU
		{F1FBB78C-42F1-46B7-8E8F-92C43164F6E1}.Debug|Any CPU.ActiveCfg = Debug|Any CPU
		{F1FBB78C-42F1-46B7-8E8F-92C43164F6E1}.Debug|Any CPU.Build.0 = Debug|Any CPU
		{F1FBB78C-42F1-46B7-8E8F-92C43164F6E1}.Release|Any CPU.ActiveCfg = Release|Any CPU
		{F1FBB78C-42F1-46B7-8E8F-92C43164F6E1}.Release|Any CPU.Build.0 = Release|Any CPU
		{32D39BF1-4715-49F8-84F0-A0E66AF06DEC}.Debug|Any CPU.ActiveCfg = Debug|Any CPU
		{32D39BF1-4715-49F8-84F0-A0E66AF06DEC}.Debug|Any CPU.Build.0 = Debug|Any CPU
		{32D39BF1-4715-49F8-84F0-A0E66AF06DEC}.Release|Any CPU.ActiveCfg = Release|Any CPU
		{32D39BF1-4715-49F8-84F0-A0E66AF06DEC}.Release|Any CPU.Build.0 = Release|Any CPU
		{6A31B11A-FD67-46AD-9F3A-35E3CA3CB773}.Debug|Any CPU.ActiveCfg = Debug|Any CPU
		{6A31B11A-FD67-46AD-9F3A-35E3CA3CB773}.Debug|Any CPU.Build.0 = Debug|Any CPU
		{6A31B11A-FD67-46AD-9F3A-35E3CA3CB773}.Release|Any CPU.ActiveCfg = Release|Any CPU
		{6A31B11A-FD67-46AD-9F3A-35E3CA3CB773}.Release|Any CPU.Build.0 = Release|Any CPU
	EndGlobalSection
	GlobalSection(SolutionProperties) = preSolution
		HideSolutionNode = FALSE
	EndGlobalSection
	GlobalSection(ExtensibilityGlobals) = postSolution
		SolutionGuid = {F6E40076-DF36-47F0-98F5-45E4A4413483}
	EndGlobalSection
EndGlobal
